// !$*UTF8*$!
{
	archiveVersion = 1;
	classes = {
	};
	objectVersion = 56;
	objects = {

/* Begin PBXBuildFile section */
		F18CB64B291819680027DB30 /* AppDelegate.swift in Sources */ = {isa = PBXBuildFile; fileRef = F18CB64A291819680027DB30 /* AppDelegate.swift */; };
		F18CB64D291819680027DB30 /* SceneDelegate.swift in Sources */ = {isa = PBXBuildFile; fileRef = F18CB64C291819680027DB30 /* SceneDelegate.swift */; };
		F18CB64F291819680027DB30 /* HomeViewController.swift in Sources */ = {isa = PBXBuildFile; fileRef = F18CB64E291819680027DB30 /* HomeViewController.swift */; };
		F18CB652291819680027DB30 /* Main.storyboard in Resources */ = {isa = PBXBuildFile; fileRef = F18CB650291819680027DB30 /* Main.storyboard */; };
		F18CB654291819690027DB30 /* Assets.xcassets in Resources */ = {isa = PBXBuildFile; fileRef = F18CB653291819690027DB30 /* Assets.xcassets */; };
		F18CB657291819690027DB30 /* LaunchScreen.storyboard in Resources */ = {isa = PBXBuildFile; fileRef = F18CB655291819690027DB30 /* LaunchScreen.storyboard */; };
		F18CB662291819690027DB30 /* RappiMoviesTests.swift in Sources */ = {isa = PBXBuildFile; fileRef = F18CB661291819690027DB30 /* RappiMoviesTests.swift */; };
		F18CB66C291819690027DB30 /* RappiMoviesUITests.swift in Sources */ = {isa = PBXBuildFile; fileRef = F18CB66B291819690027DB30 /* RappiMoviesUITests.swift */; };
		F18CB66E291819690027DB30 /* RappiMoviesUITestsLaunchTests.swift in Sources */ = {isa = PBXBuildFile; fileRef = F18CB66D291819690027DB30 /* RappiMoviesUITestsLaunchTests.swift */; };
		F18CB67C29181D080027DB30 /* HomeViewModel.swift in Sources */ = {isa = PBXBuildFile; fileRef = F18CB67B29181D080027DB30 /* HomeViewModel.swift */; };
		F18CB67F29181F500027DB30 /* Movie.swift in Sources */ = {isa = PBXBuildFile; fileRef = F18CB67E29181F500027DB30 /* Movie.swift */; };
		F18CB683291821700027DB30 /* NetworkHandler.swift in Sources */ = {isa = PBXBuildFile; fileRef = F18CB682291821700027DB30 /* NetworkHandler.swift */; };
		F18CB68B291836640027DB30 /* HomeCollectionViewCell.swift in Sources */ = {isa = PBXBuildFile; fileRef = F18CB689291836640027DB30 /* HomeCollectionViewCell.swift */; };
		F18CB68C291836640027DB30 /* HomeCollectionViewCell.xib in Resources */ = {isa = PBXBuildFile; fileRef = F18CB68A291836640027DB30 /* HomeCollectionViewCell.xib */; };
		F18CB68F291838620027DB30 /* UIImageVIew+Networking.swift in Sources */ = {isa = PBXBuildFile; fileRef = F18CB68E291838620027DB30 /* UIImageVIew+Networking.swift */; };
		F18CB6922918545D0027DB30 /* HomeTableViewCell.swift in Sources */ = {isa = PBXBuildFile; fileRef = F18CB6902918545D0027DB30 /* HomeTableViewCell.swift */; };
		F18CB6932918545D0027DB30 /* HomeTableViewCell.xib in Resources */ = {isa = PBXBuildFile; fileRef = F18CB6912918545D0027DB30 /* HomeTableViewCell.xib */; };
		F18CB698291893CA0027DB30 /* MoviewDetailsViewController.swift in Sources */ = {isa = PBXBuildFile; fileRef = F18CB697291893CA0027DB30 /* MoviewDetailsViewController.swift */; };
		F18CB69A291894710027DB30 /* MoviewDetailsViewModel.swift in Sources */ = {isa = PBXBuildFile; fileRef = F18CB699291894710027DB30 /* MoviewDetailsViewModel.swift */; };
		F18CB69D29189C140027DB30 /* DetailFirstCell.swift in Sources */ = {isa = PBXBuildFile; fileRef = F18CB69B29189C140027DB30 /* DetailFirstCell.swift */; };
		F18CB69E29189C140027DB30 /* DetailFirstCell.xib in Resources */ = {isa = PBXBuildFile; fileRef = F18CB69C29189C140027DB30 /* DetailFirstCell.xib */; };
		F18CB6A02918B7150027DB30 /* Readme.rtf in Resources */ = {isa = PBXBuildFile; fileRef = F18CB69F2918B7150027DB30 /* Readme.rtf */; };
/* End PBXBuildFile section */

/* Begin PBXContainerItemProxy section */
		F18CB65E291819690027DB30 /* PBXContainerItemProxy */ = {
			isa = PBXContainerItemProxy;
			containerPortal = F18CB63F291819680027DB30 /* Project object */;
			proxyType = 1;
			remoteGlobalIDString = F18CB646291819680027DB30;
			remoteInfo = RappiMovies;
		};
		F18CB668291819690027DB30 /* PBXContainerItemProxy */ = {
			isa = PBXContainerItemProxy;
			containerPortal = F18CB63F291819680027DB30 /* Project object */;
			proxyType = 1;
			remoteGlobalIDString = F18CB646291819680027DB30;
			remoteInfo = RappiMovies;
		};
/* End PBXContainerItemProxy section */

/* Begin PBXFileReference section */
		F18CB647291819680027DB30 /* RappiMovies.app */ = {isa = PBXFileReference; explicitFileType = wrapper.application; includeInIndex = 0; path = RappiMovies.app; sourceTree = BUILT_PRODUCTS_DIR; };
		F18CB64A291819680027DB30 /* AppDelegate.swift */ = {isa = PBXFileReference; lastKnownFileType = sourcecode.swift; path = AppDelegate.swift; sourceTree = "<group>"; };
		F18CB64C291819680027DB30 /* SceneDelegate.swift */ = {isa = PBXFileReference; lastKnownFileType = sourcecode.swift; path = SceneDelegate.swift; sourceTree = "<group>"; };
		F18CB64E291819680027DB30 /* HomeViewController.swift */ = {isa = PBXFileReference; lastKnownFileType = sourcecode.swift; path = HomeViewController.swift; sourceTree = "<group>"; };
		F18CB651291819680027DB30 /* Base */ = {isa = PBXFileReference; lastKnownFileType = file.storyboard; name = Base; path = Base.lproj/Main.storyboard; sourceTree = "<group>"; };
		F18CB653291819690027DB30 /* Assets.xcassets */ = {isa = PBXFileReference; lastKnownFileType = folder.assetcatalog; path = Assets.xcassets; sourceTree = "<group>"; };
		F18CB656291819690027DB30 /* Base */ = {isa = PBXFileReference; lastKnownFileType = file.storyboard; name = Base; path = Base.lproj/LaunchScreen.storyboard; sourceTree = "<group>"; };
		F18CB658291819690027DB30 /* Info.plist */ = {isa = PBXFileReference; lastKnownFileType = text.plist.xml; path = Info.plist; sourceTree = "<group>"; };
		F18CB65D291819690027DB30 /* RappiMoviesTests.xctest */ = {isa = PBXFileReference; explicitFileType = wrapper.cfbundle; includeInIndex = 0; path = RappiMoviesTests.xctest; sourceTree = BUILT_PRODUCTS_DIR; };
		F18CB661291819690027DB30 /* RappiMoviesTests.swift */ = {isa = PBXFileReference; lastKnownFileType = sourcecode.swift; path = RappiMoviesTests.swift; sourceTree = "<group>"; };
		F18CB667291819690027DB30 /* RappiMoviesUITests.xctest */ = {isa = PBXFileReference; explicitFileType = wrapper.cfbundle; includeInIndex = 0; path = RappiMoviesUITests.xctest; sourceTree = BUILT_PRODUCTS_DIR; };
		F18CB66B291819690027DB30 /* RappiMoviesUITests.swift */ = {isa = PBXFileReference; lastKnownFileType = sourcecode.swift; path = RappiMoviesUITests.swift; sourceTree = "<group>"; };
		F18CB66D291819690027DB30 /* RappiMoviesUITestsLaunchTests.swift */ = {isa = PBXFileReference; lastKnownFileType = sourcecode.swift; path = RappiMoviesUITestsLaunchTests.swift; sourceTree = "<group>"; };
		F18CB67B29181D080027DB30 /* HomeViewModel.swift */ = {isa = PBXFileReference; lastKnownFileType = sourcecode.swift; path = HomeViewModel.swift; sourceTree = "<group>"; };
		F18CB67E29181F500027DB30 /* Movie.swift */ = {isa = PBXFileReference; lastKnownFileType = sourcecode.swift; path = Movie.swift; sourceTree = "<group>"; };
		F18CB682291821700027DB30 /* NetworkHandler.swift */ = {isa = PBXFileReference; lastKnownFileType = sourcecode.swift; path = NetworkHandler.swift; sourceTree = "<group>"; };
		F18CB689291836640027DB30 /* HomeCollectionViewCell.swift */ = {isa = PBXFileReference; lastKnownFileType = sourcecode.swift; path = HomeCollectionViewCell.swift; sourceTree = "<group>"; };
		F18CB68A291836640027DB30 /* HomeCollectionViewCell.xib */ = {isa = PBXFileReference; lastKnownFileType = file.xib; path = HomeCollectionViewCell.xib; sourceTree = "<group>"; };
		F18CB68E291838620027DB30 /* UIImageVIew+Networking.swift */ = {isa = PBXFileReference; lastKnownFileType = sourcecode.swift; path = "UIImageVIew+Networking.swift"; sourceTree = "<group>"; };
		F18CB6902918545D0027DB30 /* HomeTableViewCell.swift */ = {isa = PBXFileReference; lastKnownFileType = sourcecode.swift; path = HomeTableViewCell.swift; sourceTree = "<group>"; };
		F18CB6912918545D0027DB30 /* HomeTableViewCell.xib */ = {isa = PBXFileReference; lastKnownFileType = file.xib; path = HomeTableViewCell.xib; sourceTree = "<group>"; };
		F18CB697291893CA0027DB30 /* MoviewDetailsViewController.swift */ = {isa = PBXFileReference; lastKnownFileType = sourcecode.swift; path = MoviewDetailsViewController.swift; sourceTree = "<group>"; };
		F18CB699291894710027DB30 /* MoviewDetailsViewModel.swift */ = {isa = PBXFileReference; lastKnownFileType = sourcecode.swift; path = MoviewDetailsViewModel.swift; sourceTree = "<group>"; };
		F18CB69B29189C140027DB30 /* DetailFirstCell.swift */ = {isa = PBXFileReference; lastKnownFileType = sourcecode.swift; path = DetailFirstCell.swift; sourceTree = "<group>"; };
		F18CB69C29189C140027DB30 /* DetailFirstCell.xib */ = {isa = PBXFileReference; lastKnownFileType = file.xib; path = DetailFirstCell.xib; sourceTree = "<group>"; };
		F18CB69F2918B7150027DB30 /* Readme.rtf */ = {isa = PBXFileReference; lastKnownFileType = text.rtf; path = Readme.rtf; sourceTree = "<group>"; };
/* End PBXFileReference section */

/* Begin PBXFrameworksBuildPhase section */
		F18CB644291819680027DB30 /* Frameworks */ = {
			isa = PBXFrameworksBuildPhase;
			buildActionMask = 2147483647;
			files = (
			);
			runOnlyForDeploymentPostprocessing = 0;
		};
		F18CB65A291819690027DB30 /* Frameworks */ = {
			isa = PBXFrameworksBuildPhase;
			buildActionMask = 2147483647;
			files = (
			);
			runOnlyForDeploymentPostprocessing = 0;
		};
		F18CB664291819690027DB30 /* Frameworks */ = {
			isa = PBXFrameworksBuildPhase;
			buildActionMask = 2147483647;
			files = (
			);
			runOnlyForDeploymentPostprocessing = 0;
		};
/* End PBXFrameworksBuildPhase section */

/* Begin PBXGroup section */
		F18CB63E291819680027DB30 = {
			isa = PBXGroup;
			children = (
				F18CB69F2918B7150027DB30 /* Readme.rtf */,
				F18CB649291819680027DB30 /* RappiMovies */,
				F18CB660291819690027DB30 /* RappiMoviesTests */,
				F18CB66A291819690027DB30 /* RappiMoviesUITests */,
				F18CB648291819680027DB30 /* Products */,
			);
			sourceTree = "<group>";
		};
		F18CB648291819680027DB30 /* Products */ = {
			isa = PBXGroup;
			children = (
				F18CB647291819680027DB30 /* RappiMovies.app */,
				F18CB65D291819690027DB30 /* RappiMoviesTests.xctest */,
				F18CB667291819690027DB30 /* RappiMoviesUITests.xctest */,
			);
			name = Products;
			sourceTree = "<group>";
		};
		F18CB649291819680027DB30 /* RappiMovies */ = {
			isa = PBXGroup;
			children = (
				F18CB68D291838520027DB30 /* Util */,
				F18CB684291834970027DB30 /* Custom Cells */,
				F18CB6812918214C0027DB30 /* Network Handler */,
				F18CB67D29181D7A0027DB30 /* ModelObjects */,
				F18CB696291893B10027DB30 /* MoviewDetails */,
				F18CB67A29181CEA0027DB30 /* Home */,
				F18CB64A291819680027DB30 /* AppDelegate.swift */,
				F18CB64C291819680027DB30 /* SceneDelegate.swift */,
				F18CB650291819680027DB30 /* Main.storyboard */,
				F18CB653291819690027DB30 /* Assets.xcassets */,
				F18CB655291819690027DB30 /* LaunchScreen.storyboard */,
				F18CB658291819690027DB30 /* Info.plist */,
			);
			path = RappiMovies;
			sourceTree = "<group>";
		};
		F18CB660291819690027DB30 /* RappiMoviesTests */ = {
			isa = PBXGroup;
			children = (
				F18CB661291819690027DB30 /* RappiMoviesTests.swift */,
			);
			path = RappiMoviesTests;
			sourceTree = "<group>";
		};
		F18CB66A291819690027DB30 /* RappiMoviesUITests */ = {
			isa = PBXGroup;
			children = (
				F18CB66B291819690027DB30 /* RappiMoviesUITests.swift */,
				F18CB66D291819690027DB30 /* RappiMoviesUITestsLaunchTests.swift */,
			);
			path = RappiMoviesUITests;
			sourceTree = "<group>";
		};
		F18CB67A29181CEA0027DB30 /* Home */ = {
			isa = PBXGroup;
			children = (
				F18CB64E291819680027DB30 /* HomeViewController.swift */,
				F18CB67B29181D080027DB30 /* HomeViewModel.swift */,
			);
			path = Home;
			sourceTree = "<group>";
		};
		F18CB67D29181D7A0027DB30 /* ModelObjects */ = {
			isa = PBXGroup;
			children = (
				F18CB67E29181F500027DB30 /* Movie.swift */,
			);
			path = ModelObjects;
			sourceTree = "<group>";
		};
		F18CB6812918214C0027DB30 /* Network Handler */ = {
			isa = PBXGroup;
			children = (
				F18CB682291821700027DB30 /* NetworkHandler.swift */,
			);
			path = "Network Handler";
			sourceTree = "<group>";
		};
		F18CB684291834970027DB30 /* Custom Cells */ = {
			isa = PBXGroup;
			children = (
				F18CB689291836640027DB30 /* HomeCollectionViewCell.swift */,
				F18CB68A291836640027DB30 /* HomeCollectionViewCell.xib */,
				F18CB6902918545D0027DB30 /* HomeTableViewCell.swift */,
				F18CB6912918545D0027DB30 /* HomeTableViewCell.xib */,
				F18CB69B29189C140027DB30 /* DetailFirstCell.swift */,
				F18CB69C29189C140027DB30 /* DetailFirstCell.xib */,
			);
			path = "Custom Cells";
			sourceTree = "<group>";
		};
		F18CB68D291838520027DB30 /* Util */ = {
			isa = PBXGroup;
			children = (
				F18CB68E291838620027DB30 /* UIImageVIew+Networking.swift */,
			);
			path = Util;
			sourceTree = "<group>";
		};
		F18CB696291893B10027DB30 /* MoviewDetails */ = {
			isa = PBXGroup;
			children = (
				F18CB697291893CA0027DB30 /* MoviewDetailsViewController.swift */,
				F18CB699291894710027DB30 /* MoviewDetailsViewModel.swift */,
			);
			path = MoviewDetails;
			sourceTree = "<group>";
		};
/* End PBXGroup section */

/* Begin PBXNativeTarget section */
		F18CB646291819680027DB30 /* RappiMovies */ = {
			isa = PBXNativeTarget;
			buildConfigurationList = F18CB671291819690027DB30 /* Build configuration list for PBXNativeTarget "RappiMovies" */;
			buildPhases = (
				F18CB643291819680027DB30 /* Sources */,
				F18CB644291819680027DB30 /* Frameworks */,
				F18CB645291819680027DB30 /* Resources */,
			);
			buildRules = (
			);
			dependencies = (
			);
			name = RappiMovies;
			productName = RappiMovies;
			productReference = F18CB647291819680027DB30 /* RappiMovies.app */;
			productType = "com.apple.product-type.application";
		};
		F18CB65C291819690027DB30 /* RappiMoviesTests */ = {
			isa = PBXNativeTarget;
			buildConfigurationList = F18CB674291819690027DB30 /* Build configuration list for PBXNativeTarget "RappiMoviesTests" */;
			buildPhases = (
				F18CB659291819690027DB30 /* Sources */,
				F18CB65A291819690027DB30 /* Frameworks */,
				F18CB65B291819690027DB30 /* Resources */,
			);
			buildRules = (
			);
			dependencies = (
				F18CB65F291819690027DB30 /* PBXTargetDependency */,
			);
			name = RappiMoviesTests;
			productName = RappiMoviesTests;
			productReference = F18CB65D291819690027DB30 /* RappiMoviesTests.xctest */;
			productType = "com.apple.product-type.bundle.unit-test";
		};
		F18CB666291819690027DB30 /* RappiMoviesUITests */ = {
			isa = PBXNativeTarget;
			buildConfigurationList = F18CB677291819690027DB30 /* Build configuration list for PBXNativeTarget "RappiMoviesUITests" */;
			buildPhases = (
				F18CB663291819690027DB30 /* Sources */,
				F18CB664291819690027DB30 /* Frameworks */,
				F18CB665291819690027DB30 /* Resources */,
			);
			buildRules = (
			);
			dependencies = (
				F18CB669291819690027DB30 /* PBXTargetDependency */,
			);
			name = RappiMoviesUITests;
			productName = RappiMoviesUITests;
			productReference = F18CB667291819690027DB30 /* RappiMoviesUITests.xctest */;
			productType = "com.apple.product-type.bundle.ui-testing";
		};
/* End PBXNativeTarget section */

/* Begin PBXProject section */
		F18CB63F291819680027DB30 /* Project object */ = {
			isa = PBXProject;
			attributes = {
				BuildIndependentTargetsInParallel = 1;
				LastSwiftUpdateCheck = 1400;
				LastUpgradeCheck = 1400;
				TargetAttributes = {
					F18CB646291819680027DB30 = {
						CreatedOnToolsVersion = 14.0.1;
					};
					F18CB65C291819690027DB30 = {
						CreatedOnToolsVersion = 14.0.1;
						TestTargetID = F18CB646291819680027DB30;
					};
					F18CB666291819690027DB30 = {
						CreatedOnToolsVersion = 14.0.1;
						TestTargetID = F18CB646291819680027DB30;
					};
				};
			};
			buildConfigurationList = F18CB642291819680027DB30 /* Build configuration list for PBXProject "RappiMovies" */;
			compatibilityVersion = "Xcode 14.0";
			developmentRegion = en;
			hasScannedForEncodings = 0;
			knownRegions = (
				en,
				Base,
			);
			mainGroup = F18CB63E291819680027DB30;
			productRefGroup = F18CB648291819680027DB30 /* Products */;
			projectDirPath = "";
			projectRoot = "";
			targets = (
				F18CB646291819680027DB30 /* RappiMovies */,
				F18CB65C291819690027DB30 /* RappiMoviesTests */,
				F18CB666291819690027DB30 /* RappiMoviesUITests */,
			);
		};
/* End PBXProject section */

/* Begin PBXResourcesBuildPhase section */
		F18CB645291819680027DB30 /* Resources */ = {
			isa = PBXResourcesBuildPhase;
			buildActionMask = 2147483647;
			files = (
				F18CB657291819690027DB30 /* LaunchScreen.storyboard in Resources */,
				F18CB654291819690027DB30 /* Assets.xcassets in Resources */,
				F18CB652291819680027DB30 /* Main.storyboard in Resources */,
				F18CB6932918545D0027DB30 /* HomeTableViewCell.xib in Resources */,
				F18CB68C291836640027DB30 /* HomeCollectionViewCell.xib in Resources */,
				F18CB69E29189C140027DB30 /* DetailFirstCell.xib in Resources */,
				F18CB6A02918B7150027DB30 /* Readme.rtf in Resources */,
			);
			runOnlyForDeploymentPostprocessing = 0;
		};
		F18CB65B291819690027DB30 /* Resources */ = {
			isa = PBXResourcesBuildPhase;
			buildActionMask = 2147483647;
			files = (
			);
			runOnlyForDeploymentPostprocessing = 0;
		};
		F18CB665291819690027DB30 /* Resources */ = {
			isa = PBXResourcesBuildPhase;
			buildActionMask = 2147483647;
			files = (
			);
			runOnlyForDeploymentPostprocessing = 0;
		};
/* End PBXResourcesBuildPhase section */

/* Begin PBXSourcesBuildPhase section */
		F18CB643291819680027DB30 /* Sources */ = {
			isa = PBXSourcesBuildPhase;
			buildActionMask = 2147483647;
			files = (
				F18CB68B291836640027DB30 /* HomeCollectionViewCell.swift in Sources */,
				F18CB69A291894710027DB30 /* MoviewDetailsViewModel.swift in Sources */,
				F18CB64F291819680027DB30 /* HomeViewController.swift in Sources */,
				F18CB698291893CA0027DB30 /* MoviewDetailsViewController.swift in Sources */,
				F18CB64B291819680027DB30 /* AppDelegate.swift in Sources */,
				F18CB64D291819680027DB30 /* SceneDelegate.swift in Sources */,
				F18CB67C29181D080027DB30 /* HomeViewModel.swift in Sources */,
				F18CB67F29181F500027DB30 /* Movie.swift in Sources */,
				F18CB6922918545D0027DB30 /* HomeTableViewCell.swift in Sources */,
				F18CB68F291838620027DB30 /* UIImageVIew+Networking.swift in Sources */,
				F18CB683291821700027DB30 /* NetworkHandler.swift in Sources */,
				F18CB69D29189C140027DB30 /* DetailFirstCell.swift in Sources */,
			);
			runOnlyForDeploymentPostprocessing = 0;
		};
		F18CB659291819690027DB30 /* Sources */ = {
			isa = PBXSourcesBuildPhase;
			buildActionMask = 2147483647;
			files = (
				F18CB662291819690027DB30 /* RappiMoviesTests.swift in Sources */,
			);
			runOnlyForDeploymentPostprocessing = 0;
		};
		F18CB663291819690027DB30 /* Sources */ = {
			isa = PBXSourcesBuildPhase;
			buildActionMask = 2147483647;
			files = (
				F18CB66E291819690027DB30 /* RappiMoviesUITestsLaunchTests.swift in Sources */,
				F18CB66C291819690027DB30 /* RappiMoviesUITests.swift in Sources */,
			);
			runOnlyForDeploymentPostprocessing = 0;
		};
/* End PBXSourcesBuildPhase section */

/* Begin PBXTargetDependency section */
		F18CB65F291819690027DB30 /* PBXTargetDependency */ = {
			isa = PBXTargetDependency;
			target = F18CB646291819680027DB30 /* RappiMovies */;
			targetProxy = F18CB65E291819690027DB30 /* PBXContainerItemProxy */;
		};
		F18CB669291819690027DB30 /* PBXTargetDependency */ = {
			isa = PBXTargetDependency;
			target = F18CB646291819680027DB30 /* RappiMovies */;
			targetProxy = F18CB668291819690027DB30 /* PBXContainerItemProxy */;
		};
/* End PBXTargetDependency section */

/* Begin PBXVariantGroup section */
		F18CB650291819680027DB30 /* Main.storyboard */ = {
			isa = PBXVariantGroup;
			children = (
				F18CB651291819680027DB30 /* Base */,
			);
			name = Main.storyboard;
			sourceTree = "<group>";
		};
		F18CB655291819690027DB30 /* LaunchScreen.storyboard */ = {
			isa = PBXVariantGroup;
			children = (
				F18CB656291819690027DB30 /* Base */,
			);
			name = LaunchScreen.storyboard;
			sourceTree = "<group>";
		};
/* End PBXVariantGroup section */

/* Begin XCBuildConfiguration section */
		F18CB66F291819690027DB30 /* Debug */ = {
			isa = XCBuildConfiguration;
			buildSettings = {
				ALWAYS_SEARCH_USER_PATHS = NO;
				CLANG_ANALYZER_NONNULL = YES;
				CLANG_ANALYZER_NUMBER_OBJECT_CONVERSION = YES_AGGRESSIVE;
				CLANG_CXX_LANGUAGE_STANDARD = "gnu++20";
				CLANG_ENABLE_MODULES = YES;
				CLANG_ENABLE_OBJC_ARC = YES;
				CLANG_ENABLE_OBJC_WEAK = YES;
				CLANG_WARN_BLOCK_CAPTURE_AUTORELEASING = YES;
				CLANG_WARN_BOOL_CONVERSION = YES;
				CLANG_WARN_COMMA = YES;
				CLANG_WARN_CONSTANT_CONVERSION = YES;
				CLANG_WARN_DEPRECATED_OBJC_IMPLEMENTATIONS = YES;
				CLANG_WARN_DIRECT_OBJC_ISA_USAGE = YES_ERROR;
				CLANG_WARN_DOCUMENTATION_COMMENTS = YES;
				CLANG_WARN_EMPTY_BODY = YES;
				CLANG_WARN_ENUM_CONVERSION = YES;
				CLANG_WARN_INFINITE_RECURSION = YES;
				CLANG_WARN_INT_CONVERSION = YES;
				CLANG_WARN_NON_LITERAL_NULL_CONVERSION = YES;
				CLANG_WARN_OBJC_IMPLICIT_RETAIN_SELF = YES;
				CLANG_WARN_OBJC_LITERAL_CONVERSION = YES;
				CLANG_WARN_OBJC_ROOT_CLASS = YES_ERROR;
				CLANG_WARN_QUOTED_INCLUDE_IN_FRAMEWORK_HEADER = YES;
				CLANG_WARN_RANGE_LOOP_ANALYSIS = YES;
				CLANG_WARN_STRICT_PROTOTYPES = YES;
				CLANG_WARN_SUSPICIOUS_MOVE = YES;
				CLANG_WARN_UNGUARDED_AVAILABILITY = YES_AGGRESSIVE;
				CLANG_WARN_UNREACHABLE_CODE = YES;
				CLANG_WARN__DUPLICATE_METHOD_MATCH = YES;
				COPY_PHASE_STRIP = NO;
				DEBUG_INFORMATION_FORMAT = dwarf;
				ENABLE_STRICT_OBJC_MSGSEND = YES;
				ENABLE_TESTABILITY = YES;
				GCC_C_LANGUAGE_STANDARD = gnu11;
				GCC_DYNAMIC_NO_PIC = NO;
				GCC_NO_COMMON_BLOCKS = YES;
				GCC_OPTIMIZATION_LEVEL = 0;
				GCC_PREPROCESSOR_DEFINITIONS = (
					"DEBUG=1",
					"$(inherited)",
				);
				GCC_WARN_64_TO_32_BIT_CONVERSION = YES;
				GCC_WARN_ABOUT_RETURN_TYPE = YES_ERROR;
				GCC_WARN_UNDECLARED_SELECTOR = YES;
				GCC_WARN_UNINITIALIZED_AUTOS = YES_AGGRESSIVE;
				GCC_WARN_UNUSED_FUNCTION = YES;
				GCC_WARN_UNUSED_VARIABLE = YES;
				IPHONEOS_DEPLOYMENT_TARGET = 16.0;
				MTL_ENABLE_DEBUG_INFO = INCLUDE_SOURCE;
				MTL_FAST_MATH = YES;
				ONLY_ACTIVE_ARCH = YES;
				SDKROOT = iphoneos;
				SWIFT_ACTIVE_COMPILATION_CONDITIONS = DEBUG;
				SWIFT_OPTIMIZATION_LEVEL = "-Onone";
			};
			name = Debug;
		};
		F18CB670291819690027DB30 /* Release */ = {
			isa = XCBuildConfiguration;
			buildSettings = {
				ALWAYS_SEARCH_USER_PATHS = NO;
				CLANG_ANALYZER_NONNULL = YES;
				CLANG_ANALYZER_NUMBER_OBJECT_CONVERSION = YES_AGGRESSIVE;
				CLANG_CXX_LANGUAGE_STANDARD = "gnu++20";
				CLANG_ENABLE_MODULES = YES;
				CLANG_ENABLE_OBJC_ARC = YES;
				CLANG_ENABLE_OBJC_WEAK = YES;
				CLANG_WARN_BLOCK_CAPTURE_AUTORELEASING = YES;
				CLANG_WARN_BOOL_CONVERSION = YES;
				CLANG_WARN_COMMA = YES;
				CLANG_WARN_CONSTANT_CONVERSION = YES;
				CLANG_WARN_DEPRECATED_OBJC_IMPLEMENTATIONS = YES;
				CLANG_WARN_DIRECT_OBJC_ISA_USAGE = YES_ERROR;
				CLANG_WARN_DOCUMENTATION_COMMENTS = YES;
				CLANG_WARN_EMPTY_BODY = YES;
				CLANG_WARN_ENUM_CONVERSION = YES;
				CLANG_WARN_INFINITE_RECURSION = YES;
				CLANG_WARN_INT_CONVERSION = YES;
				CLANG_WARN_NON_LITERAL_NULL_CONVERSION = YES;
				CLANG_WARN_OBJC_IMPLICIT_RETAIN_SELF = YES;
				CLANG_WARN_OBJC_LITERAL_CONVERSION = YES;
				CLANG_WARN_OBJC_ROOT_CLASS = YES_ERROR;
				CLANG_WARN_QUOTED_INCLUDE_IN_FRAMEWORK_HEADER = YES;
				CLANG_WARN_RANGE_LOOP_ANALYSIS = YES;
				CLANG_WARN_STRICT_PROTOTYPES = YES;
				CLANG_WARN_SUSPICIOUS_MOVE = YES;
				CLANG_WARN_UNGUARDED_AVAILABILITY = YES_AGGRESSIVE;
				CLANG_WARN_UNREACHABLE_CODE = YES;
				CLANG_WARN__DUPLICATE_METHOD_MATCH = YES;
				COPY_PHASE_STRIP = NO;
				DEBUG_INFORMATION_FORMAT = "dwarf-with-dsym";
				ENABLE_NS_ASSERTIONS = NO;
				ENABLE_STRICT_OBJC_MSGSEND = YES;
				GCC_C_LANGUAGE_STANDARD = gnu11;
				GCC_NO_COMMON_BLOCKS = YES;
				GCC_WARN_64_TO_32_BIT_CONVERSION = YES;
				GCC_WARN_ABOUT_RETURN_TYPE = YES_ERROR;
				GCC_WARN_UNDECLARED_SELECTOR = YES;
				GCC_WARN_UNINITIALIZED_AUTOS = YES_AGGRESSIVE;
				GCC_WARN_UNUSED_FUNCTION = YES;
				GCC_WARN_UNUSED_VARIABLE = YES;
				IPHONEOS_DEPLOYMENT_TARGET = 16.0;
				MTL_ENABLE_DEBUG_INFO = NO;
				MTL_FAST_MATH = YES;
				SDKROOT = iphoneos;
				SWIFT_COMPILATION_MODE = wholemodule;
				SWIFT_OPTIMIZATION_LEVEL = "-O";
				VALIDATE_PRODUCT = YES;
			};
			name = Release;
		};
		F18CB672291819690027DB30 /* Debug */ = {
			isa = XCBuildConfiguration;
			buildSettings = {
				ASSETCATALOG_COMPILER_APPICON_NAME = AppIcon;
				ASSETCATALOG_COMPILER_GLOBAL_ACCENT_COLOR_NAME = AccentColor;
				CODE_SIGN_STYLE = Automatic;
				CURRENT_PROJECT_VERSION = 1;
				DEVELOPMENT_TEAM = 2FLZZ2HKQR;
				GENERATE_INFOPLIST_FILE = YES;
				INFOPLIST_FILE = RappiMovies/Info.plist;
				INFOPLIST_KEY_UIApplicationSupportsIndirectInputEvents = YES;
				INFOPLIST_KEY_UILaunchStoryboardName = LaunchScreen;
				INFOPLIST_KEY_UIMainStoryboardFile = Main;
				INFOPLIST_KEY_UISupportedInterfaceOrientations_iPad = "UIInterfaceOrientationPortrait UIInterfaceOrientationPortraitUpsideDown UIInterfaceOrientationLandscapeLeft UIInterfaceOrientationLandscapeRight";
				INFOPLIST_KEY_UISupportedInterfaceOrientations_iPhone = "UIInterfaceOrientationPortrait UIInterfaceOrientationLandscapeLeft UIInterfaceOrientationLandscapeRight";
				IPHONEOS_DEPLOYMENT_TARGET = 14.0;
				LD_RUNPATH_SEARCH_PATHS = (
					"$(inherited)",
					"@executable_path/Frameworks",
				);
				MARKETING_VERSION = 1.0;
				PRODUCT_BUNDLE_IDENTIFIER = com.santiago.diego.RappiMovies;
				PRODUCT_NAME = "$(TARGET_NAME)";
				SWIFT_EMIT_LOC_STRINGS = YES;
				SWIFT_VERSION = 5.0;
				TARGETED_DEVICE_FAMILY = "1,2";
			};
			name = Debug;
		};
		F18CB673291819690027DB30 /* Release */ = {
			isa = XCBuildConfiguration;
			buildSettings = {
				ASSETCATALOG_COMPILER_APPICON_NAME = AppIcon;
				ASSETCATALOG_COMPILER_GLOBAL_ACCENT_COLOR_NAME = AccentColor;
				CODE_SIGN_STYLE = Automatic;
				CURRENT_PROJECT_VERSION = 1;
				DEVELOPMENT_TEAM = 2FLZZ2HKQR;
				GENERATE_INFOPLIST_FILE = YES;
				INFOPLIST_FILE = RappiMovies/Info.plist;
				INFOPLIST_KEY_UIApplicationSupportsIndirectInputEvents = YES;
				INFOPLIST_KEY_UILaunchStoryboardName = LaunchScreen;
				INFOPLIST_KEY_UIMainStoryboardFile = Main;
				INFOPLIST_KEY_UISupportedInterfaceOrientations_iPad = "UIInterfaceOrientationPortrait UIInterfaceOrientationPortraitUpsideDown UIInterfaceOrientationLandscapeLeft UIInterfaceOrientationLandscapeRight";
				INFOPLIST_KEY_UISupportedInterfaceOrientations_iPhone = "UIInterfaceOrientationPortrait UIInterfaceOrientationLandscapeLeft UIInterfaceOrientationLandscapeRight";
				IPHONEOS_DEPLOYMENT_TARGET = 14.0;
				LD_RUNPATH_SEARCH_PATHS = (
					"$(inherited)",
					"@executable_path/Frameworks",
				);
				MARKETING_VERSION = 1.0;
				PRODUCT_BUNDLE_IDENTIFIER = com.santiago.diego.RappiMovies;
				PRODUCT_NAME = "$(TARGET_NAME)";
				SWIFT_EMIT_LOC_STRINGS = YES;
				SWIFT_VERSION = 5.0;
				TARGETED_DEVICE_FAMILY = "1,2";
			};
			name = Release;
		};
		F18CB675291819690027DB30 /* Debug */ = {
			isa = XCBuildConfiguration;
			buildSettings = {
				ALWAYS_EMBED_SWIFT_STANDARD_LIBRARIES = YES;
				BUNDLE_LOADER = "$(TEST_HOST)";
				CODE_SIGN_STYLE = Automatic;
				CURRENT_PROJECT_VERSION = 1;
				DEVELOPMENT_TEAM = 2FLZZ2HKQR;
				GENERATE_INFOPLIST_FILE = YES;
				IPHONEOS_DEPLOYMENT_TARGET = 16.0;
				MARKETING_VERSION = 1.0;
				PRODUCT_BUNDLE_IDENTIFIER = com.santiago.diego.RappiMoviesTests;
				PRODUCT_NAME = "$(TARGET_NAME)";
				SWIFT_EMIT_LOC_STRINGS = NO;
				SWIFT_VERSION = 5.0;
				TARGETED_DEVICE_FAMILY = "1,2";
				TEST_HOST = "$(BUILT_PRODUCTS_DIR)/RappiMovies.app/$(BUNDLE_EXECUTABLE_FOLDER_PATH)/RappiMovies";
			};
			name = Debug;
		};
		F18CB676291819690027DB30 /* Release */ = {
			isa = XCBuildConfiguration;
			buildSettings = {
				ALWAYS_EMBED_SWIFT_STANDARD_LIBRARIES = YES;
				BUNDLE_LOADER = "$(TEST_HOST)";
				CODE_SIGN_STYLE = Automatic;
				CURRENT_PROJECT_VERSION = 1;
				DEVELOPMENT_TEAM = 2FLZZ2HKQR;
				GENERATE_INFOPLIST_FILE = YES;
				IPHONEOS_DEPLOYMENT_TARGET = 16.0;
				MARKETING_VERSION = 1.0;
				PRODUCT_BUNDLE_IDENTIFIER = com.santiago.diego.RappiMoviesTests;
				PRODUCT_NAME = "$(TARGET_NAME)";
				SWIFT_EMIT_LOC_STRINGS = NO;
				SWIFT_VERSION = 5.0;
				TARGETED_DEVICE_FAMILY = "1,2";
				TEST_HOST = "$(BUILT_PRODUCTS_DIR)/RappiMovies.app/$(BUNDLE_EXECUTABLE_FOLDER_PATH)/RappiMovies";
			};
			name = Release;
		};
		F18CB678291819690027DB30 /* Debug */ = {
			isa = XCBuildConfiguration;
			buildSettings = {
				ALWAYS_EMBED_SWIFT_STANDARD_LIBRARIES = YES;
				CODE_SIGN_STYLE = Automatic;
				CURRENT_PROJECT_VERSION = 1;
				DEVELOPMENT_TEAM = 2FLZZ2HKQR;
				GENERATE_INFOPLIST_FILE = YES;
				MARKETING_VERSION = 1.0;
				PRODUCT_BUNDLE_IDENTIFIER = com.santiago.diego.RappiMoviesUITests;
				PRODUCT_NAME = "$(TARGET_NAME)";
				SWIFT_EMIT_LOC_STRINGS = NO;
				SWIFT_VERSION = 5.0;
				TARGETED_DEVICE_FAMILY = "1,2";
				TEST_TARGET_NAME = RappiMovies;
			};
			name = Debug;
		};
		F18CB679291819690027DB30 /* Release */ = {
			isa = XCBuildConfiguration;
			buildSettings = {
				ALWAYS_EMBED_SWIFT_STANDARD_LIBRARIES = YES;
				CODE_SIGN_STYLE = Automatic;
				CURRENT_PROJECT_VERSION = 1;
				DEVELOPMENT_TEAM = 2FLZZ2HKQR;
				GENERATE_INFOPLIST_FILE = YES;
				MARKETING_VERSION = 1.0;
				PRODUCT_BUNDLE_IDENTIFIER = com.santiago.diego.RappiMoviesUITests;
				PRODUCT_NAME = "$(TARGET_NAME)";
				SWIFT_EMIT_LOC_STRINGS = NO;
				SWIFT_VERSION = 5.0;
				TARGETED_DEVICE_FAMILY = "1,2";
				TEST_TARGET_NAME = RappiMovies;
			};
			name = Release;
		};
/* End XCBuildConfiguration section */

/* Begin XCConfigurationList section */
		F18CB642291819680027DB30 /* Build configuration list for PBXProject "RappiMovies" */ = {
			isa = XCConfigurationList;
			buildConfigurations = (
				F18CB66F291819690027DB30 /* Debug */,
				F18CB670291819690027DB30 /* Release */,
			);
			defaultConfigurationIsVisible = 0;
			defaultConfigurationName = Release;
		};
		F18CB671291819690027DB30 /* Build configuration list for PBXNativeTarget "RappiMovies" */ = {
			isa = XCConfigurationList;
			buildConfigurations = (
				F18CB672291819690027DB30 /* Debug */,
				F18CB673291819690027DB30 /* Release */,
			);
			defaultConfigurationIsVisible = 0;
			defaultConfigurationName = Release;
		};
		F18CB674291819690027DB30 /* Build configuration list for PBXNativeTarget "RappiMoviesTests" */ = {
			isa = XCConfigurationList;
			buildConfigurations = (
				F18CB675291819690027DB30 /* Debug */,
				F18CB676291819690027DB30 /* Release */,
			);
			defaultConfigurationIsVisible = 0;
			defaultConfigurationName = Release;
		};
		F18CB677291819690027DB30 /* Build configuration list for PBXNativeTarget "RappiMoviesUITests" */ = {
			isa = XCConfigurationList;
			buildConfigurations = (
				F18CB678291819690027DB30 /* Debug */,
				F18CB679291819690027DB30 /* Release */,
			);
			defaultConfigurationIsVisible = 0;
			defaultConfigurationName = Release;
		};
/* End XCConfigurationList section */
	};
	rootObject = F18CB63F291819680027DB30 /* Project object */;
}
